// !$*UTF8*$!
{
	archiveVersion = 1;
	classes = {
	};
	objectVersion = 46;
	objects = {

/* Begin PBXBuildFile section */
		D226C13516BB143200B2C435 /* UIKit.framework in Frameworks */ = {isa = PBXBuildFile; fileRef = D226C13416BB143200B2C435 /* UIKit.framework */; };
		D226C13716BB143200B2C435 /* Foundation.framework in Frameworks */ = {isa = PBXBuildFile; fileRef = D226C13616BB143200B2C435 /* Foundation.framework */; };
		D226C13916BB143200B2C435 /* CoreGraphics.framework in Frameworks */ = {isa = PBXBuildFile; fileRef = D226C13816BB143200B2C435 /* CoreGraphics.framework */; };
		D226C13F16BB143200B2C435 /* InfoPlist.strings in Resources */ = {isa = PBXBuildFile; fileRef = D226C13D16BB143200B2C435 /* InfoPlist.strings */; };
		D226C14116BB143200B2C435 /* main.m in Sources */ = {isa = PBXBuildFile; fileRef = D226C14016BB143200B2C435 /* main.m */; };
		D226C14516BB143200B2C435 /* AppDelegate.m in Sources */ = {isa = PBXBuildFile; fileRef = D226C14416BB143200B2C435 /* AppDelegate.m */; };
		D226C14716BB143200B2C435 /* Default.png in Resources */ = {isa = PBXBuildFile; fileRef = D226C14616BB143200B2C435 /* Default.png */; };
		D226C14916BB143200B2C435 /* Default@2x.png in Resources */ = {isa = PBXBuildFile; fileRef = D226C14816BB143200B2C435 /* Default@2x.png */; };
		D226C14B16BB143200B2C435 /* Default-568h@2x.png in Resources */ = {isa = PBXBuildFile; fileRef = D226C14A16BB143200B2C435 /* Default-568h@2x.png */; };
		D226C15816BB144900B2C435 /* Parse.framework in Frameworks */ = {isa = PBXBuildFile; fileRef = D226C15716BB144900B2C435 /* Parse.framework */; };
		D226C15A16BB146000B2C435 /* AudioToolbox.framework in Frameworks */ = {isa = PBXBuildFile; fileRef = D226C15916BB146000B2C435 /* AudioToolbox.framework */; };
		D226C15C16BB146400B2C435 /* Accounts.framework in Frameworks */ = {isa = PBXBuildFile; fileRef = D226C15B16BB146400B2C435 /* Accounts.framework */; };
		D226C15E16BB146C00B2C435 /* AdSupport.framework in Frameworks */ = {isa = PBXBuildFile; fileRef = D226C15D16BB146C00B2C435 /* AdSupport.framework */; };
		D226C16016BB147100B2C435 /* CFNetwork.framework in Frameworks */ = {isa = PBXBuildFile; fileRef = D226C15F16BB147100B2C435 /* CFNetwork.framework */; };
		D226C16216BB147B00B2C435 /* CoreLocation.framework in Frameworks */ = {isa = PBXBuildFile; fileRef = D226C16116BB147B00B2C435 /* CoreLocation.framework */; };
		D226C16416BB148200B2C435 /* libsqlite3.dylib in Frameworks */ = {isa = PBXBuildFile; fileRef = D226C16316BB148200B2C435 /* libsqlite3.dylib */; };
		D226C16616BB148600B2C435 /* libz.1.1.3.dylib in Frameworks */ = {isa = PBXBuildFile; fileRef = D226C16516BB148600B2C435 /* libz.1.1.3.dylib */; };
		D226C16816BB148D00B2C435 /* MobileCoreServices.framework in Frameworks */ = {isa = PBXBuildFile; fileRef = D226C16716BB148D00B2C435 /* MobileCoreServices.framework */; };
		D226C16A16BB149100B2C435 /* QuartzCore.framework in Frameworks */ = {isa = PBXBuildFile; fileRef = D226C16916BB149100B2C435 /* QuartzCore.framework */; };
		D226C16C16BB149500B2C435 /* Security.framework in Frameworks */ = {isa = PBXBuildFile; fileRef = D226C16B16BB149500B2C435 /* Security.framework */; };
		D226C16E16BB149900B2C435 /* Social.framework in Frameworks */ = {isa = PBXBuildFile; fileRef = D226C16D16BB149900B2C435 /* Social.framework */; };
		D226C17016BB149E00B2C435 /* StoreKit.framework in Frameworks */ = {isa = PBXBuildFile; fileRef = D226C16F16BB149E00B2C435 /* StoreKit.framework */; };
		D226C17216BB14A300B2C435 /* SystemConfiguration.framework in Frameworks */ = {isa = PBXBuildFile; fileRef = D226C17116BB14A300B2C435 /* SystemConfiguration.framework */; };
		D23E7D8116C6EF9A00ADA76A /* EventDetailViewController.m in Sources */ = {isa = PBXBuildFile; fileRef = D23E7D7F16C6EF9A00ADA76A /* EventDetailViewController.m */; };
		D23E7D8216C6EF9A00ADA76A /* EventDetailViewController.xib in Resources */ = {isa = PBXBuildFile; fileRef = D23E7D8016C6EF9A00ADA76A /* EventDetailViewController.xib */; };
		D296578B16BE672E00017429 /* EventsTableViewController.m in Sources */ = {isa = PBXBuildFile; fileRef = D296578916BE672E00017429 /* EventsTableViewController.m */; };
		D296578C16BE672E00017429 /* EventsTableViewController.xib in Resources */ = {isa = PBXBuildFile; fileRef = D296578A16BE672E00017429 /* EventsTableViewController.xib */; };
		D296579016BE6BE900017429 /* GroupsTableViewController.m in Sources */ = {isa = PBXBuildFile; fileRef = D296578E16BE6BE900017429 /* GroupsTableViewController.m */; };
		D296579116BE6BE900017429 /* GroupsTableViewController.xib in Resources */ = {isa = PBXBuildFile; fileRef = D296578F16BE6BE900017429 /* GroupsTableViewController.xib */; };
		D296579516BE6D8700017429 /* SettingsViewController.m in Sources */ = {isa = PBXBuildFile; fileRef = D296579316BE6D8700017429 /* SettingsViewController.m */; };
		D296579616BE6D8700017429 /* SettingsViewController.xib in Resources */ = {isa = PBXBuildFile; fileRef = D296579416BE6D8700017429 /* SettingsViewController.xib */; };
/* End PBXBuildFile section */

/* Begin PBXFileReference section */
		D226C13016BB143200B2C435 /* Attendar.app */ = {isa = PBXFileReference; explicitFileType = wrapper.application; includeInIndex = 0; path = Attendar.app; sourceTree = BUILT_PRODUCTS_DIR; };
		D226C13416BB143200B2C435 /* UIKit.framework */ = {isa = PBXFileReference; lastKnownFileType = wrapper.framework; name = UIKit.framework; path = System/Library/Frameworks/UIKit.framework; sourceTree = SDKROOT; };
		D226C13616BB143200B2C435 /* Foundation.framework */ = {isa = PBXFileReference; lastKnownFileType = wrapper.framework; name = Foundation.framework; path = System/Library/Frameworks/Foundation.framework; sourceTree = SDKROOT; };
		D226C13816BB143200B2C435 /* CoreGraphics.framework */ = {isa = PBXFileReference; lastKnownFileType = wrapper.framework; name = CoreGraphics.framework; path = System/Library/Frameworks/CoreGraphics.framework; sourceTree = SDKROOT; };
		D226C13C16BB143200B2C435 /* Attendar-Info.plist */ = {isa = PBXFileReference; lastKnownFileType = text.plist.xml; path = "Attendar-Info.plist"; sourceTree = "<group>"; };
		D226C13E16BB143200B2C435 /* en */ = {isa = PBXFileReference; lastKnownFileType = text.plist.strings; name = en; path = en.lproj/InfoPlist.strings; sourceTree = "<group>"; };
		D226C14016BB143200B2C435 /* main.m */ = {isa = PBXFileReference; lastKnownFileType = sourcecode.c.objc; path = main.m; sourceTree = "<group>"; };
		D226C14216BB143200B2C435 /* Attendar-Prefix.pch */ = {isa = PBXFileReference; lastKnownFileType = sourcecode.c.h; path = "Attendar-Prefix.pch"; sourceTree = "<group>"; };
		D226C14316BB143200B2C435 /* AppDelegate.h */ = {isa = PBXFileReference; lastKnownFileType = sourcecode.c.h; path = AppDelegate.h; sourceTree = "<group>"; };
		D226C14416BB143200B2C435 /* AppDelegate.m */ = {isa = PBXFileReference; lastKnownFileType = sourcecode.c.objc; path = AppDelegate.m; sourceTree = "<group>"; };
		D226C14616BB143200B2C435 /* Default.png */ = {isa = PBXFileReference; lastKnownFileType = image.png; path = Default.png; sourceTree = "<group>"; };
		D226C14816BB143200B2C435 /* Default@2x.png */ = {isa = PBXFileReference; lastKnownFileType = image.png; path = "Default@2x.png"; sourceTree = "<group>"; };
		D226C14A16BB143200B2C435 /* Default-568h@2x.png */ = {isa = PBXFileReference; lastKnownFileType = image.png; path = "Default-568h@2x.png"; sourceTree = "<group>"; };
		D226C15716BB144900B2C435 /* Parse.framework */ = {isa = PBXFileReference; lastKnownFileType = wrapper.framework; path = Parse.framework; sourceTree = "<group>"; };
		D226C15916BB146000B2C435 /* AudioToolbox.framework */ = {isa = PBXFileReference; lastKnownFileType = wrapper.framework; name = AudioToolbox.framework; path = System/Library/Frameworks/AudioToolbox.framework; sourceTree = SDKROOT; };
		D226C15B16BB146400B2C435 /* Accounts.framework */ = {isa = PBXFileReference; lastKnownFileType = wrapper.framework; name = Accounts.framework; path = System/Library/Frameworks/Accounts.framework; sourceTree = SDKROOT; };
		D226C15D16BB146C00B2C435 /* AdSupport.framework */ = {isa = PBXFileReference; lastKnownFileType = wrapper.framework; name = AdSupport.framework; path = System/Library/Frameworks/AdSupport.framework; sourceTree = SDKROOT; };
		D226C15F16BB147100B2C435 /* CFNetwork.framework */ = {isa = PBXFileReference; lastKnownFileType = wrapper.framework; name = CFNetwork.framework; path = System/Library/Frameworks/CFNetwork.framework; sourceTree = SDKROOT; };
		D226C16116BB147B00B2C435 /* CoreLocation.framework */ = {isa = PBXFileReference; lastKnownFileType = wrapper.framework; name = CoreLocation.framework; path = System/Library/Frameworks/CoreLocation.framework; sourceTree = SDKROOT; };
		D226C16316BB148200B2C435 /* libsqlite3.dylib */ = {isa = PBXFileReference; lastKnownFileType = "compiled.mach-o.dylib"; name = libsqlite3.dylib; path = usr/lib/libsqlite3.dylib; sourceTree = SDKROOT; };
		D226C16516BB148600B2C435 /* libz.1.1.3.dylib */ = {isa = PBXFileReference; lastKnownFileType = "compiled.mach-o.dylib"; name = libz.1.1.3.dylib; path = usr/lib/libz.1.1.3.dylib; sourceTree = SDKROOT; };
		D226C16716BB148D00B2C435 /* MobileCoreServices.framework */ = {isa = PBXFileReference; lastKnownFileType = wrapper.framework; name = MobileCoreServices.framework; path = System/Library/Frameworks/MobileCoreServices.framework; sourceTree = SDKROOT; };
		D226C16916BB149100B2C435 /* QuartzCore.framework */ = {isa = PBXFileReference; lastKnownFileType = wrapper.framework; name = QuartzCore.framework; path = System/Library/Frameworks/QuartzCore.framework; sourceTree = SDKROOT; };
		D226C16B16BB149500B2C435 /* Security.framework */ = {isa = PBXFileReference; lastKnownFileType = wrapper.framework; name = Security.framework; path = System/Library/Frameworks/Security.framework; sourceTree = SDKROOT; };
		D226C16D16BB149900B2C435 /* Social.framework */ = {isa = PBXFileReference; lastKnownFileType = wrapper.framework; name = Social.framework; path = System/Library/Frameworks/Social.framework; sourceTree = SDKROOT; };
		D226C16F16BB149E00B2C435 /* StoreKit.framework */ = {isa = PBXFileReference; lastKnownFileType = wrapper.framework; name = StoreKit.framework; path = System/Library/Frameworks/StoreKit.framework; sourceTree = SDKROOT; };
		D226C17116BB14A300B2C435 /* SystemConfiguration.framework */ = {isa = PBXFileReference; lastKnownFileType = wrapper.framework; name = SystemConfiguration.framework; path = System/Library/Frameworks/SystemConfiguration.framework; sourceTree = SDKROOT; };
		D23E7D7E16C6EF9A00ADA76A /* EventDetailViewController.h */ = {isa = PBXFileReference; fileEncoding = 4; lastKnownFileType = sourcecode.c.h; path = EventDetailViewController.h; sourceTree = "<group>"; };
		D23E7D7F16C6EF9A00ADA76A /* EventDetailViewController.m */ = {isa = PBXFileReference; fileEncoding = 4; lastKnownFileType = sourcecode.c.objc; path = EventDetailViewController.m; sourceTree = "<group>"; };
		D23E7D8016C6EF9A00ADA76A /* EventDetailViewController.xib */ = {isa = PBXFileReference; fileEncoding = 4; lastKnownFileType = file.xib; path = EventDetailViewController.xib; sourceTree = "<group>"; };
		D296578816BE672E00017429 /* EventsTableViewController.h */ = {isa = PBXFileReference; fileEncoding = 4; lastKnownFileType = sourcecode.c.h; path = EventsTableViewController.h; sourceTree = "<group>"; };
		D296578916BE672E00017429 /* EventsTableViewController.m */ = {isa = PBXFileReference; fileEncoding = 4; lastKnownFileType = sourcecode.c.objc; path = EventsTableViewController.m; sourceTree = "<group>"; };
		D296578A16BE672E00017429 /* EventsTableViewController.xib */ = {isa = PBXFileReference; fileEncoding = 4; lastKnownFileType = file.xib; path = EventsTableViewController.xib; sourceTree = "<group>"; };
		D296578D16BE6BE900017429 /* GroupsTableViewController.h */ = {isa = PBXFileReference; fileEncoding = 4; lastKnownFileType = sourcecode.c.h; path = GroupsTableViewController.h; sourceTree = "<group>"; };
		D296578E16BE6BE900017429 /* GroupsTableViewController.m */ = {isa = PBXFileReference; fileEncoding = 4; lastKnownFileType = sourcecode.c.objc; path = GroupsTableViewController.m; sourceTree = "<group>"; };
		D296578F16BE6BE900017429 /* GroupsTableViewController.xib */ = {isa = PBXFileReference; fileEncoding = 4; lastKnownFileType = file.xib; path = GroupsTableViewController.xib; sourceTree = "<group>"; };
		D296579216BE6D8700017429 /* SettingsViewController.h */ = {isa = PBXFileReference; fileEncoding = 4; lastKnownFileType = sourcecode.c.h; path = SettingsViewController.h; sourceTree = "<group>"; };
		D296579316BE6D8700017429 /* SettingsViewController.m */ = {isa = PBXFileReference; fileEncoding = 4; lastKnownFileType = sourcecode.c.objc; path = SettingsViewController.m; sourceTree = "<group>"; };
		D296579416BE6D8700017429 /* SettingsViewController.xib */ = {isa = PBXFileReference; fileEncoding = 4; lastKnownFileType = file.xib; path = SettingsViewController.xib; sourceTree = "<group>"; };
/* End PBXFileReference section */

/* Begin PBXFrameworksBuildPhase section */
		D226C12D16BB143200B2C435 /* Frameworks */ = {
			isa = PBXFrameworksBuildPhase;
			buildActionMask = 2147483647;
			files = (
				D226C17216BB14A300B2C435 /* SystemConfiguration.framework in Frameworks */,
				D226C17016BB149E00B2C435 /* StoreKit.framework in Frameworks */,
				D226C16E16BB149900B2C435 /* Social.framework in Frameworks */,
				D226C16C16BB149500B2C435 /* Security.framework in Frameworks */,
				D226C16A16BB149100B2C435 /* QuartzCore.framework in Frameworks */,
				D226C16816BB148D00B2C435 /* MobileCoreServices.framework in Frameworks */,
				D226C16616BB148600B2C435 /* libz.1.1.3.dylib in Frameworks */,
				D226C16416BB148200B2C435 /* libsqlite3.dylib in Frameworks */,
				D226C16216BB147B00B2C435 /* CoreLocation.framework in Frameworks */,
				D226C16016BB147100B2C435 /* CFNetwork.framework in Frameworks */,
				D226C15E16BB146C00B2C435 /* AdSupport.framework in Frameworks */,
				D226C15C16BB146400B2C435 /* Accounts.framework in Frameworks */,
				D226C15A16BB146000B2C435 /* AudioToolbox.framework in Frameworks */,
				D226C13516BB143200B2C435 /* UIKit.framework in Frameworks */,
				D226C13716BB143200B2C435 /* Foundation.framework in Frameworks */,
				D226C13916BB143200B2C435 /* CoreGraphics.framework in Frameworks */,
				D226C15816BB144900B2C435 /* Parse.framework in Frameworks */,
			);
			runOnlyForDeploymentPostprocessing = 0;
		};
/* End PBXFrameworksBuildPhase section */

/* Begin PBXGroup section */
		D226C12516BB143200B2C435 = {
			isa = PBXGroup;
			children = (
				D226C17116BB14A300B2C435 /* SystemConfiguration.framework */,
				D226C16F16BB149E00B2C435 /* StoreKit.framework */,
				D226C16D16BB149900B2C435 /* Social.framework */,
				D226C16B16BB149500B2C435 /* Security.framework */,
				D226C16916BB149100B2C435 /* QuartzCore.framework */,
				D226C16716BB148D00B2C435 /* MobileCoreServices.framework */,
				D226C16516BB148600B2C435 /* libz.1.1.3.dylib */,
				D226C16316BB148200B2C435 /* libsqlite3.dylib */,
				D226C16116BB147B00B2C435 /* CoreLocation.framework */,
				D226C15F16BB147100B2C435 /* CFNetwork.framework */,
				D226C15D16BB146C00B2C435 /* AdSupport.framework */,
				D226C15B16BB146400B2C435 /* Accounts.framework */,
				D226C15916BB146000B2C435 /* AudioToolbox.framework */,
				D226C13A16BB143200B2C435 /* Attendar */,
				D226C13316BB143200B2C435 /* Frameworks */,
				D226C13116BB143200B2C435 /* Products */,
			);
			sourceTree = "<group>";
		};
		D226C13116BB143200B2C435 /* Products */ = {
			isa = PBXGroup;
			children = (
				D226C13016BB143200B2C435 /* Attendar.app */,
			);
			name = Products;
			sourceTree = "<group>";
		};
		D226C13316BB143200B2C435 /* Frameworks */ = {
			isa = PBXGroup;
			children = (
				D226C15716BB144900B2C435 /* Parse.framework */,
				D226C13416BB143200B2C435 /* UIKit.framework */,
				D226C13616BB143200B2C435 /* Foundation.framework */,
				D226C13816BB143200B2C435 /* CoreGraphics.framework */,
			);
			name = Frameworks;
			sourceTree = "<group>";
		};
		D226C13A16BB143200B2C435 /* Attendar */ = {
			isa = PBXGroup;
			children = (
				D226C14316BB143200B2C435 /* AppDelegate.h */,
				D226C14416BB143200B2C435 /* AppDelegate.m */,
				D296579216BE6D8700017429 /* SettingsViewController.h */,
				D296579316BE6D8700017429 /* SettingsViewController.m */,
				D296579416BE6D8700017429 /* SettingsViewController.xib */,
				D296578816BE672E00017429 /* EventsTableViewController.h */,
				D296578916BE672E00017429 /* EventsTableViewController.m */,
				D296578A16BE672E00017429 /* EventsTableViewController.xib */,
				D23E7D7E16C6EF9A00ADA76A /* EventDetailViewController.h */,
				D23E7D7F16C6EF9A00ADA76A /* EventDetailViewController.m */,
				D23E7D8016C6EF9A00ADA76A /* EventDetailViewController.xib */,
				D296578D16BE6BE900017429 /* GroupsTableViewController.h */,
				D296578E16BE6BE900017429 /* GroupsTableViewController.m */,
				D296578F16BE6BE900017429 /* GroupsTableViewController.xib */,
				D226C13B16BB143200B2C435 /* Supporting Files */,
			);
			path = Attendar;
			sourceTree = "<group>";
		};
		D226C13B16BB143200B2C435 /* Supporting Files */ = {
			isa = PBXGroup;
			children = (
				D226C13C16BB143200B2C435 /* Attendar-Info.plist */,
				D226C13D16BB143200B2C435 /* InfoPlist.strings */,
				D226C14016BB143200B2C435 /* main.m */,
				D226C14216BB143200B2C435 /* Attendar-Prefix.pch */,
				D226C14616BB143200B2C435 /* Default.png */,
				D226C14816BB143200B2C435 /* Default@2x.png */,
				D226C14A16BB143200B2C435 /* Default-568h@2x.png */,
			);
			name = "Supporting Files";
			sourceTree = "<group>";
		};
/* End PBXGroup section */

/* Begin PBXNativeTarget section */
		D226C12F16BB143200B2C435 /* Attendar */ = {
			isa = PBXNativeTarget;
			buildConfigurationList = D226C15416BB143200B2C435 /* Build configuration list for PBXNativeTarget "Attendar" */;
			buildPhases = (
				D226C12C16BB143200B2C435 /* Sources */,
				D226C12D16BB143200B2C435 /* Frameworks */,
				D226C12E16BB143200B2C435 /* Resources */,
			);
			buildRules = (
			);
			dependencies = (
			);
			name = Attendar;
			productName = Attendar;
			productReference = D226C13016BB143200B2C435 /* Attendar.app */;
			productType = "com.apple.product-type.application";
		};
/* End PBXNativeTarget section */

/* Begin PBXProject section */
		D226C12716BB143200B2C435 /* Project object */ = {
			isa = PBXProject;
			attributes = {
				LastUpgradeCheck = 0450;
				ORGANIZATIONNAME = "Scott Brugmans";
			};
			buildConfigurationList = D226C12A16BB143200B2C435 /* Build configuration list for PBXProject "Attendar" */;
			compatibilityVersion = "Xcode 3.2";
			developmentRegion = English;
			hasScannedForEncodings = 0;
			knownRegions = (
				en,
			);
			mainGroup = D226C12516BB143200B2C435;
			productRefGroup = D226C13116BB143200B2C435 /* Products */;
			projectDirPath = "";
			projectRoot = "";
			targets = (
				D226C12F16BB143200B2C435 /* Attendar */,
			);
		};
/* End PBXProject section */

/* Begin PBXResourcesBuildPhase section */
		D226C12E16BB143200B2C435 /* Resources */ = {
			isa = PBXResourcesBuildPhase;
			buildActionMask = 2147483647;
			files = (
				D226C13F16BB143200B2C435 /* InfoPlist.strings in Resources */,
				D226C14716BB143200B2C435 /* Default.png in Resources */,
				D226C14916BB143200B2C435 /* Default@2x.png in Resources */,
				D226C14B16BB143200B2C435 /* Default-568h@2x.png in Resources */,
				D296578C16BE672E00017429 /* EventsTableViewController.xib in Resources */,
				D296579116BE6BE900017429 /* GroupsTableViewController.xib in Resources */,
				D296579616BE6D8700017429 /* SettingsViewController.xib in Resources */,
				D23E7D8216C6EF9A00ADA76A /* EventDetailViewController.xib in Resources */,
			);
			runOnlyForDeploymentPostprocessing = 0;
		};
/* End PBXResourcesBuildPhase section */

/* Begin PBXSourcesBuildPhase section */
		D226C12C16BB143200B2C435 /* Sources */ = {
			isa = PBXSourcesBuildPhase;
			buildActionMask = 2147483647;
			files = (
				D226C14116BB143200B2C435 /* main.m in Sources */,
				D226C14516BB143200B2C435 /* AppDelegate.m in Sources */,
				D296578B16BE672E00017429 /* EventsTableViewController.m in Sources */,
				D296579016BE6BE900017429 /* GroupsTableViewController.m in Sources */,
				D296579516BE6D8700017429 /* SettingsViewController.m in Sources */,
				D23E7D8116C6EF9A00ADA76A /* EventDetailViewController.m in Sources */,
			);
			runOnlyForDeploymentPostprocessing = 0;
		};
/* End PBXSourcesBuildPhase section */

/* Begin PBXVariantGroup section */
		D226C13D16BB143200B2C435 /* InfoPlist.strings */ = {
			isa = PBXVariantGroup;
			children = (
				D226C13E16BB143200B2C435 /* en */,
			);
			name = InfoPlist.strings;
			sourceTree = "<group>";
		};
/* End PBXVariantGroup section */

/* Begin XCBuildConfiguration section */
		D226C15216BB143200B2C435 /* Debug */ = {
			isa = XCBuildConfiguration;
			buildSettings = {
				ALWAYS_SEARCH_USER_PATHS = NO;
				CLANG_CXX_LANGUAGE_STANDARD = "gnu++0x";
				CLANG_CXX_LIBRARY = "libc++";
				CLANG_ENABLE_OBJC_ARC = YES;
				CLANG_WARN_EMPTY_BODY = YES;
				CLANG_WARN__DUPLICATE_METHOD_MATCH = YES;
				"CODE_SIGN_IDENTITY[sdk=iphoneos*]" = "iPhone Developer";
				COPY_PHASE_STRIP = NO;
				GCC_C_LANGUAGE_STANDARD = gnu99;
				GCC_DYNAMIC_NO_PIC = NO;
				GCC_OPTIMIZATION_LEVEL = 0;
				GCC_PREPROCESSOR_DEFINITIONS = (
					"DEBUG=1",
					"$(inherited)",
				);
				GCC_SYMBOLS_PRIVATE_EXTERN = NO;
				GCC_WARN_ABOUT_RETURN_TYPE = YES;
				GCC_WARN_UNINITIALIZED_AUTOS = YES;
				GCC_WARN_UNUSED_VARIABLE = YES;
				IPHONEOS_DEPLOYMENT_TARGET = 6.0;
				ONLY_ACTIVE_ARCH = YES;
				SDKROOT = iphoneos;
			};
			name = Debug;
		};
		D226C15316BB143200B2C435 /* Release */ = {
			isa = XCBuildConfiguration;
			buildSettings = {
				ALWAYS_SEARCH_USER_PATHS = NO;
				CLANG_CXX_LANGUAGE_STANDARD = "gnu++0x";
				CLANG_CXX_LIBRARY = "libc++";
				CLANG_ENABLE_OBJC_ARC = YES;
				CLANG_WARN_EMPTY_BODY = YES;
				CLANG_WARN__DUPLICATE_METHOD_MATCH = YES;
				"CODE_SIGN_IDENTITY[sdk=iphoneos*]" = "iPhone Developer";
				COPY_PHASE_STRIP = YES;
				GCC_C_LANGUAGE_STANDARD = gnu99;
				GCC_WARN_ABOUT_RETURN_TYPE = YES;
				GCC_WARN_UNINITIALIZED_AUTOS = YES;
				GCC_WARN_UNUSED_VARIABLE = YES;
				IPHONEOS_DEPLOYMENT_TARGET = 6.0;
				OTHER_CFLAGS = "-DNS_BLOCK_ASSERTIONS=1";
				SDKROOT = iphoneos;
				VALIDATE_PRODUCT = YES;
			};
			name = Release;
		};
		D226C15516BB143200B2C435 /* Debug */ = {
			isa = XCBuildConfiguration;
			buildSettings = {
				FRAMEWORK_SEARCH_PATHS = (
					"$(inherited)",
					"\"$(SRCROOT)\"",
				);
				GCC_PRECOMPILE_PREFIX_HEADER = YES;
				GCC_PREFIX_HEADER = "Attendar/Attendar-Prefix.pch";
				INFOPLIST_FILE = "Attendar/Attendar-Info.plist";
				PRODUCT_NAME = "$(TARGET_NAME)";
				TARGETED_DEVICE_FAMILY = 1;
				WRAPPER_EXTENSION = app;
			};
			name = Debug;
		};
		D226C15616BB143200B2C435 /* Release */ = {
			isa = XCBuildConfiguration;
			buildSettings = {
				FRAMEWORK_SEARCH_PATHS = (
					"$(inherited)",
					"\"$(SRCROOT)\"",
				);
				GCC_PRECOMPILE_PREFIX_HEADER = YES;
				GCC_PREFIX_HEADER = "Attendar/Attendar-Prefix.pch";
				INFOPLIST_FILE = "Attendar/Attendar-Info.plist";
				PRODUCT_NAME = "$(TARGET_NAME)";
				TARGETED_DEVICE_FAMILY = 1;
				WRAPPER_EXTENSION = app;
			};
			name = Release;
		};
/* End XCBuildConfiguration section */

/* Begin XCConfigurationList section */
		D226C12A16BB143200B2C435 /* Build configuration list for PBXProject "Attendar" */ = {
			isa = XCConfigurationList;
			buildConfigurations = (
				D226C15216BB143200B2C435 /* Debug */,
				D226C15316BB143200B2C435 /* Release */,
			);
			defaultConfigurationIsVisible = 0;
			defaultConfigurationName = Release;
		};
		D226C15416BB143200B2C435 /* Build configuration list for PBXNativeTarget "Attendar" */ = {
			isa = XCConfigurationList;
			buildConfigurations = (
				D226C15516BB143200B2C435 /* Debug */,
				D226C15616BB143200B2C435 /* Release */,
			);
			defaultConfigurationIsVisible = 0;
			defaultConfigurationName = Release;
		};
/* End XCConfigurationList section */
	};
	rootObject = D226C12716BB143200B2C435 /* Project object */;
}
